// !$*UTF8*$!
{
	archiveVersion = 1;
	classes = {
	};
	objectVersion = 56;
	objects = {

/* Begin PBXBuildFile section */
		5D07F96829013B2900D8D813 /* CachedAsyncImage in Frameworks */ = {isa = PBXBuildFile; productRef = 5D07F96729013B2900D8D813 /* CachedAsyncImage */; };
		5D4A3EAF28FED4EE00FEFFBB /* Introspect in Frameworks */ = {isa = PBXBuildFile; productRef = 5D4A3EAE28FED4EE00FEFFBB /* Introspect */; };
		5D4A3EB428FEE05400FEFFBB /* PokemonDetailViewModel.swift in Sources */ = {isa = PBXBuildFile; fileRef = 5D4A3EB328FEE05400FEFFBB /* PokemonDetailViewModel.swift */; };
		5D4A3EB628FEE0B800FEFFBB /* PokemonDetailDataService.swift in Sources */ = {isa = PBXBuildFile; fileRef = 5D4A3EB528FEE0B800FEFFBB /* PokemonDetailDataService.swift */; };
		5D4A3EB828FEE10100FEFFBB /* PokemonDetail.swift in Sources */ = {isa = PBXBuildFile; fileRef = 5D4A3EB728FEE10100FEFFBB /* PokemonDetail.swift */; };
		5D4A3EBA28FF057C00FEFFBB /* AboutTab.swift in Sources */ = {isa = PBXBuildFile; fileRef = 5D4A3EB928FF057B00FEFFBB /* AboutTab.swift */; };
		5D4A3EBC28FF193A00FEFFBB /* StatsTab.swift in Sources */ = {isa = PBXBuildFile; fileRef = 5D4A3EBB28FF193A00FEFFBB /* StatsTab.swift */; };
		5D4A3EC028FF2A9800FEFFBB /* PokemonSpecies.swift in Sources */ = {isa = PBXBuildFile; fileRef = 5D4A3EBF28FF2A9800FEFFBB /* PokemonSpecies.swift */; };
		5D4A3EC328FF3A0100FEFFBB /* LaunchScreen.storyboard in Resources */ = {isa = PBXBuildFile; fileRef = 5D4A3EC228FF3A0100FEFFBB /* LaunchScreen.storyboard */; };
		5D79A4E928F6FDC7003EB4B0 /* ApplePokedexApp.swift in Sources */ = {isa = PBXBuildFile; fileRef = 5D79A4E828F6FDC7003EB4B0 /* ApplePokedexApp.swift */; };
		5D79A4ED28F6FDC8003EB4B0 /* Assets.xcassets in Resources */ = {isa = PBXBuildFile; fileRef = 5D79A4EC28F6FDC8003EB4B0 /* Assets.xcassets */; };
		5D79A4F128F6FDC8003EB4B0 /* Preview Assets.xcassets in Resources */ = {isa = PBXBuildFile; fileRef = 5D79A4F028F6FDC8003EB4B0 /* Preview Assets.xcassets */; };
		5D79A51528F700A6003EB4B0 /* PokemonListItem.swift in Sources */ = {isa = PBXBuildFile; fileRef = 5D79A51428F700A6003EB4B0 /* PokemonListItem.swift */; };
		5D79A51828F70162003EB4B0 /* PokemonListDataService.swift in Sources */ = {isa = PBXBuildFile; fileRef = 5D79A51728F70162003EB4B0 /* PokemonListDataService.swift */; };
		5D79A51E28F70544003EB4B0 /* PokemonListView.swift in Sources */ = {isa = PBXBuildFile; fileRef = 5D79A51D28F70544003EB4B0 /* PokemonListView.swift */; };
		5D79A52028F713AF003EB4B0 /* ContentView.swift in Sources */ = {isa = PBXBuildFile; fileRef = 5D79A51F28F713AF003EB4B0 /* ContentView.swift */; };
		5D79A52628F71974003EB4B0 /* RequestError.swift in Sources */ = {isa = PBXBuildFile; fileRef = 5D79A52528F71974003EB4B0 /* RequestError.swift */; };
		5D79A52928F71A43003EB4B0 /* PokemonListViewModel.swift in Sources */ = {isa = PBXBuildFile; fileRef = 5D79A52828F71A43003EB4B0 /* PokemonListViewModel.swift */; };
		5D79A52D28F74564003EB4B0 /* PokemonCard.swift in Sources */ = {isa = PBXBuildFile; fileRef = 5D79A52C28F74564003EB4B0 /* PokemonCard.swift */; };
		5DA3D61D28F7FC6E0077A340 /* PokemonDetailView.swift in Sources */ = {isa = PBXBuildFile; fileRef = 5DA3D61C28F7FC6E0077A340 /* PokemonDetailView.swift */; };
		5DA4868F28F76D56007C55C0 /* UserStore.swift in Sources */ = {isa = PBXBuildFile; fileRef = 5DA4868E28F76D56007C55C0 /* UserStore.swift */; };
/* End PBXBuildFile section */

/* Begin PBXFileReference section */
		5D4A3EB328FEE05400FEFFBB /* PokemonDetailViewModel.swift */ = {isa = PBXFileReference; lastKnownFileType = sourcecode.swift; path = PokemonDetailViewModel.swift; sourceTree = "<group>"; };
		5D4A3EB528FEE0B800FEFFBB /* PokemonDetailDataService.swift */ = {isa = PBXFileReference; lastKnownFileType = sourcecode.swift; path = PokemonDetailDataService.swift; sourceTree = "<group>"; };
		5D4A3EB728FEE10100FEFFBB /* PokemonDetail.swift */ = {isa = PBXFileReference; lastKnownFileType = sourcecode.swift; path = PokemonDetail.swift; sourceTree = "<group>"; };
		5D4A3EB928FF057B00FEFFBB /* AboutTab.swift */ = {isa = PBXFileReference; lastKnownFileType = sourcecode.swift; path = AboutTab.swift; sourceTree = "<group>"; };
		5D4A3EBB28FF193A00FEFFBB /* StatsTab.swift */ = {isa = PBXFileReference; lastKnownFileType = sourcecode.swift; path = StatsTab.swift; sourceTree = "<group>"; };
		5D4A3EBF28FF2A9800FEFFBB /* PokemonSpecies.swift */ = {isa = PBXFileReference; lastKnownFileType = sourcecode.swift; path = PokemonSpecies.swift; sourceTree = "<group>"; };
		5D4A3EC128FF346800FEFFBB /* README.md */ = {isa = PBXFileReference; lastKnownFileType = net.daringfireball.markdown; path = README.md; sourceTree = "<group>"; };
		5D4A3EC228FF3A0100FEFFBB /* LaunchScreen.storyboard */ = {isa = PBXFileReference; lastKnownFileType = file.storyboard; path = LaunchScreen.storyboard; sourceTree = "<group>"; };
		5D79A4E528F6FDC7003EB4B0 /* ApplePokedex704841.app */ = {isa = PBXFileReference; explicitFileType = wrapper.application; includeInIndex = 0; path = ApplePokedex704841.app; sourceTree = BUILT_PRODUCTS_DIR; };
		5D79A4E828F6FDC7003EB4B0 /* ApplePokedexApp.swift */ = {isa = PBXFileReference; lastKnownFileType = sourcecode.swift; path = ApplePokedexApp.swift; sourceTree = "<group>"; };
		5D79A4EC28F6FDC8003EB4B0 /* Assets.xcassets */ = {isa = PBXFileReference; lastKnownFileType = folder.assetcatalog; path = Assets.xcassets; sourceTree = "<group>"; };
		5D79A4EE28F6FDC8003EB4B0 /* ApplePokedex704841.entitlements */ = {isa = PBXFileReference; lastKnownFileType = text.plist.entitlements; path = ApplePokedex704841.entitlements; sourceTree = "<group>"; };
		5D79A4F028F6FDC8003EB4B0 /* Preview Assets.xcassets */ = {isa = PBXFileReference; lastKnownFileType = folder.assetcatalog; path = "Preview Assets.xcassets"; sourceTree = "<group>"; };
		5D79A51428F700A6003EB4B0 /* PokemonListItem.swift */ = {isa = PBXFileReference; lastKnownFileType = sourcecode.swift; path = PokemonListItem.swift; sourceTree = "<group>"; };
		5D79A51728F70162003EB4B0 /* PokemonListDataService.swift */ = {isa = PBXFileReference; lastKnownFileType = sourcecode.swift; path = PokemonListDataService.swift; sourceTree = "<group>"; };
		5D79A51D28F70544003EB4B0 /* PokemonListView.swift */ = {isa = PBXFileReference; lastKnownFileType = sourcecode.swift; path = PokemonListView.swift; sourceTree = "<group>"; };
		5D79A51F28F713AF003EB4B0 /* ContentView.swift */ = {isa = PBXFileReference; lastKnownFileType = sourcecode.swift; path = ContentView.swift; sourceTree = "<group>"; };
		5D79A52528F71974003EB4B0 /* RequestError.swift */ = {isa = PBXFileReference; lastKnownFileType = sourcecode.swift; path = RequestError.swift; sourceTree = "<group>"; };
		5D79A52828F71A43003EB4B0 /* PokemonListViewModel.swift */ = {isa = PBXFileReference; lastKnownFileType = sourcecode.swift; path = PokemonListViewModel.swift; sourceTree = "<group>"; };
		5D79A52C28F74564003EB4B0 /* PokemonCard.swift */ = {isa = PBXFileReference; lastKnownFileType = sourcecode.swift; path = PokemonCard.swift; sourceTree = "<group>"; };
		5DA3D61C28F7FC6E0077A340 /* PokemonDetailView.swift */ = {isa = PBXFileReference; lastKnownFileType = sourcecode.swift; path = PokemonDetailView.swift; sourceTree = "<group>"; };
		5DA4868E28F76D56007C55C0 /* UserStore.swift */ = {isa = PBXFileReference; lastKnownFileType = sourcecode.swift; path = UserStore.swift; sourceTree = "<group>"; };
/* End PBXFileReference section */

/* Begin PBXFrameworksBuildPhase section */
		5D79A4E228F6FDC7003EB4B0 /* Frameworks */ = {
			isa = PBXFrameworksBuildPhase;
			buildActionMask = 2147483647;
			files = (
				5D4A3EAF28FED4EE00FEFFBB /* Introspect in Frameworks */,
				5D07F96829013B2900D8D813 /* CachedAsyncImage in Frameworks */,
			);
			runOnlyForDeploymentPostprocessing = 0;
		};
/* End PBXFrameworksBuildPhase section */

/* Begin PBXGroup section */
		5D79A4DC28F6FDC7003EB4B0 = {
			isa = PBXGroup;
			children = (
				5D4A3EC128FF346800FEFFBB /* README.md */,
				5D79A4E728F6FDC7003EB4B0 /* ApplePokedex704841 */,
				5D79A4E628F6FDC7003EB4B0 /* Products */,
			);
			sourceTree = "<group>";
		};
		5D79A4E628F6FDC7003EB4B0 /* Products */ = {
			isa = PBXGroup;
			children = (
				5D79A4E528F6FDC7003EB4B0 /* ApplePokedex704841.app */,
			);
			name = Products;
			sourceTree = "<group>";
		};
		5D79A4E728F6FDC7003EB4B0 /* ApplePokedex704841 */ = {
			isa = PBXGroup;
			children = (
				5D79A52A28F71A51003EB4B0 /* Views */,
				5D79A52728F71A18003EB4B0 /* ViewModels */,
				5D79A52428F71967003EB4B0 /* Util */,
				5D79A51328F70085003EB4B0 /* Models */,
				5D79A51628F70114003EB4B0 /* DataServices */,
				5D79A4E828F6FDC7003EB4B0 /* ApplePokedexApp.swift */,
				5D79A4EC28F6FDC8003EB4B0 /* Assets.xcassets */,
				5D79A4EE28F6FDC8003EB4B0 /* ApplePokedex704841.entitlements */,
				5D79A4EF28F6FDC8003EB4B0 /* Preview Content */,
				5DA4868E28F76D56007C55C0 /* UserStore.swift */,
			);
			path = ApplePokedex704841;
			sourceTree = "<group>";
		};
		5D79A4EF28F6FDC8003EB4B0 /* Preview Content */ = {
			isa = PBXGroup;
			children = (
				5D79A4F028F6FDC8003EB4B0 /* Preview Assets.xcassets */,
			);
			path = "Preview Content";
			sourceTree = "<group>";
		};
		5D79A51328F70085003EB4B0 /* Models */ = {
			isa = PBXGroup;
			children = (
				5D79A51428F700A6003EB4B0 /* PokemonListItem.swift */,
				5D4A3EB728FEE10100FEFFBB /* PokemonDetail.swift */,
				5D4A3EBF28FF2A9800FEFFBB /* PokemonSpecies.swift */,
			);
			path = Models;
			sourceTree = "<group>";
		};
		5D79A51628F70114003EB4B0 /* DataServices */ = {
			isa = PBXGroup;
			children = (
				5D79A51728F70162003EB4B0 /* PokemonListDataService.swift */,
				5D4A3EB528FEE0B800FEFFBB /* PokemonDetailDataService.swift */,
			);
			path = DataServices;
			sourceTree = "<group>";
		};
		5D79A52428F71967003EB4B0 /* Util */ = {
			isa = PBXGroup;
			children = (
				5D79A52528F71974003EB4B0 /* RequestError.swift */,
			);
			path = Util;
			sourceTree = "<group>";
		};
		5D79A52728F71A18003EB4B0 /* ViewModels */ = {
			isa = PBXGroup;
			children = (
				5D79A52828F71A43003EB4B0 /* PokemonListViewModel.swift */,
				5D4A3EB328FEE05400FEFFBB /* PokemonDetailViewModel.swift */,
			);
			path = ViewModels;
			sourceTree = "<group>";
		};
		5D79A52A28F71A51003EB4B0 /* Views */ = {
			isa = PBXGroup;
			children = (
				5DA3D61B28F7FC580077A340 /* PokemonDetails */,
				5D79A52B28F74553003EB4B0 /* PokemonList */,
				5D79A51F28F713AF003EB4B0 /* ContentView.swift */,
				5D4A3EC228FF3A0100FEFFBB /* LaunchScreen.storyboard */,
			);
			path = Views;
			sourceTree = "<group>";
		};
		5D79A52B28F74553003EB4B0 /* PokemonList */ = {
			isa = PBXGroup;
			children = (
				5D79A51D28F70544003EB4B0 /* PokemonListView.swift */,
				5D79A52C28F74564003EB4B0 /* PokemonCard.swift */,
			);
			path = PokemonList;
			sourceTree = "<group>";
		};
		5DA3D61B28F7FC580077A340 /* PokemonDetails */ = {
			isa = PBXGroup;
			children = (
				5DA3D61C28F7FC6E0077A340 /* PokemonDetailView.swift */,
				5D4A3EB928FF057B00FEFFBB /* AboutTab.swift */,
				5D4A3EBB28FF193A00FEFFBB /* StatsTab.swift */,
			);
			path = PokemonDetails;
			sourceTree = "<group>";
		};
/* End PBXGroup section */

/* Begin PBXNativeTarget section */
		5D79A4E428F6FDC7003EB4B0 /* ApplePokedex704841 */ = {
			isa = PBXNativeTarget;
			buildConfigurationList = 5D79A50A28F6FDC8003EB4B0 /* Build configuration list for PBXNativeTarget "ApplePokedex704841" */;
			buildPhases = (
				5D79A4E128F6FDC7003EB4B0 /* Sources */,
				5D79A4E228F6FDC7003EB4B0 /* Frameworks */,
				5D79A4E328F6FDC7003EB4B0 /* Resources */,
			);
			buildRules = (
			);
			dependencies = (
			);
			name = ApplePokedex704841;
			packageProductDependencies = (
				5D4A3EAE28FED4EE00FEFFBB /* Introspect */,
				5D07F96729013B2900D8D813 /* CachedAsyncImage */,
			);
			productName = ApplePokedex;
			productReference = 5D79A4E528F6FDC7003EB4B0 /* ApplePokedex704841.app */;
			productType = "com.apple.product-type.application";
		};
/* End PBXNativeTarget section */

/* Begin PBXProject section */
		5D79A4DD28F6FDC7003EB4B0 /* Project object */ = {
			isa = PBXProject;
			attributes = {
				BuildIndependentTargetsInParallel = 1;
				LastSwiftUpdateCheck = 1400;
				LastUpgradeCheck = 1400;
				TargetAttributes = {
					5D79A4E428F6FDC7003EB4B0 = {
						CreatedOnToolsVersion = 14.0;
					};
				};
			};
			buildConfigurationList = 5D79A4E028F6FDC7003EB4B0 /* Build configuration list for PBXProject "ApplePokedex704841" */;
			compatibilityVersion = "Xcode 14.0";
			developmentRegion = en;
			hasScannedForEncodings = 0;
			knownRegions = (
				en,
				Base,
			);
			mainGroup = 5D79A4DC28F6FDC7003EB4B0;
			packageReferences = (
				5D4A3EAD28FED4EE00FEFFBB /* XCRemoteSwiftPackageReference "SwiftUI-Introspect" */,
				5D07F96629013B2900D8D813 /* XCRemoteSwiftPackageReference "swiftui-cached-async-image" */,
			);
			productRefGroup = 5D79A4E628F6FDC7003EB4B0 /* Products */;
			projectDirPath = "";
			projectRoot = "";
			targets = (
				5D79A4E428F6FDC7003EB4B0 /* ApplePokedex704841 */,
			);
		};
/* End PBXProject section */

/* Begin PBXResourcesBuildPhase section */
		5D79A4E328F6FDC7003EB4B0 /* Resources */ = {
			isa = PBXResourcesBuildPhase;
			buildActionMask = 2147483647;
			files = (
				5D4A3EC328FF3A0100FEFFBB /* LaunchScreen.storyboard in Resources */,
				5D79A4F128F6FDC8003EB4B0 /* Preview Assets.xcassets in Resources */,
				5D79A4ED28F6FDC8003EB4B0 /* Assets.xcassets in Resources */,
			);
			runOnlyForDeploymentPostprocessing = 0;
		};
/* End PBXResourcesBuildPhase section */

/* Begin PBXSourcesBuildPhase section */
		5D79A4E128F6FDC7003EB4B0 /* Sources */ = {
			isa = PBXSourcesBuildPhase;
			buildActionMask = 2147483647;
			files = (
				5D79A51528F700A6003EB4B0 /* PokemonListItem.swift in Sources */,
				5DA3D61D28F7FC6E0077A340 /* PokemonDetailView.swift in Sources */,
				5D79A51828F70162003EB4B0 /* PokemonListDataService.swift in Sources */,
				5D4A3EC028FF2A9800FEFFBB /* PokemonSpecies.swift in Sources */,
				5D79A52628F71974003EB4B0 /* RequestError.swift in Sources */,
				5D4A3EB628FEE0B800FEFFBB /* PokemonDetailDataService.swift in Sources */,
				5D4A3EBC28FF193A00FEFFBB /* StatsTab.swift in Sources */,
				5D79A52028F713AF003EB4B0 /* ContentView.swift in Sources */,
				5D79A52928F71A43003EB4B0 /* PokemonListViewModel.swift in Sources */,
				5D4A3EBA28FF057C00FEFFBB /* AboutTab.swift in Sources */,
				5D79A4E928F6FDC7003EB4B0 /* ApplePokedexApp.swift in Sources */,
				5DA4868F28F76D56007C55C0 /* UserStore.swift in Sources */,
				5D4A3EB428FEE05400FEFFBB /* PokemonDetailViewModel.swift in Sources */,
				5D79A51E28F70544003EB4B0 /* PokemonListView.swift in Sources */,
				5D4A3EB828FEE10100FEFFBB /* PokemonDetail.swift in Sources */,
				5D79A52D28F74564003EB4B0 /* PokemonCard.swift in Sources */,
			);
			runOnlyForDeploymentPostprocessing = 0;
		};
/* End PBXSourcesBuildPhase section */

/* Begin XCBuildConfiguration section */
		5D79A50828F6FDC8003EB4B0 /* Debug */ = {
			isa = XCBuildConfiguration;
			buildSettings = {
				ALWAYS_SEARCH_USER_PATHS = NO;
				CLANG_ANALYZER_NONNULL = YES;
				CLANG_ANALYZER_NUMBER_OBJECT_CONVERSION = YES_AGGRESSIVE;
				CLANG_CXX_LANGUAGE_STANDARD = "gnu++20";
				CLANG_ENABLE_MODULES = YES;
				CLANG_ENABLE_OBJC_ARC = YES;
				CLANG_ENABLE_OBJC_WEAK = YES;
				CLANG_WARN_BLOCK_CAPTURE_AUTORELEASING = YES;
				CLANG_WARN_BOOL_CONVERSION = YES;
				CLANG_WARN_COMMA = YES;
				CLANG_WARN_CONSTANT_CONVERSION = YES;
				CLANG_WARN_DEPRECATED_OBJC_IMPLEMENTATIONS = YES;
				CLANG_WARN_DIRECT_OBJC_ISA_USAGE = YES_ERROR;
				CLANG_WARN_DOCUMENTATION_COMMENTS = YES;
				CLANG_WARN_EMPTY_BODY = YES;
				CLANG_WARN_ENUM_CONVERSION = YES;
				CLANG_WARN_INFINITE_RECURSION = YES;
				CLANG_WARN_INT_CONVERSION = YES;
				CLANG_WARN_NON_LITERAL_NULL_CONVERSION = YES;
				CLANG_WARN_OBJC_IMPLICIT_RETAIN_SELF = YES;
				CLANG_WARN_OBJC_LITERAL_CONVERSION = YES;
				CLANG_WARN_OBJC_ROOT_CLASS = YES_ERROR;
				CLANG_WARN_QUOTED_INCLUDE_IN_FRAMEWORK_HEADER = YES;
				CLANG_WARN_RANGE_LOOP_ANALYSIS = YES;
				CLANG_WARN_STRICT_PROTOTYPES = YES;
				CLANG_WARN_SUSPICIOUS_MOVE = YES;
				CLANG_WARN_UNGUARDED_AVAILABILITY = YES_AGGRESSIVE;
				CLANG_WARN_UNREACHABLE_CODE = YES;
				CLANG_WARN__DUPLICATE_METHOD_MATCH = YES;
				COPY_PHASE_STRIP = NO;
				DEBUG_INFORMATION_FORMAT = dwarf;
				ENABLE_STRICT_OBJC_MSGSEND = YES;
				ENABLE_TESTABILITY = YES;
				GCC_C_LANGUAGE_STANDARD = gnu11;
				GCC_DYNAMIC_NO_PIC = NO;
				GCC_NO_COMMON_BLOCKS = YES;
				GCC_OPTIMIZATION_LEVEL = 0;
				GCC_PREPROCESSOR_DEFINITIONS = (
					"DEBUG=1",
					"$(inherited)",
				);
				GCC_WARN_64_TO_32_BIT_CONVERSION = YES;
				GCC_WARN_ABOUT_RETURN_TYPE = YES_ERROR;
				GCC_WARN_UNDECLARED_SELECTOR = YES;
				GCC_WARN_UNINITIALIZED_AUTOS = YES_AGGRESSIVE;
				GCC_WARN_UNUSED_FUNCTION = YES;
				GCC_WARN_UNUSED_VARIABLE = YES;
				MTL_ENABLE_DEBUG_INFO = INCLUDE_SOURCE;
				MTL_FAST_MATH = YES;
				ONLY_ACTIVE_ARCH = YES;
				SWIFT_ACTIVE_COMPILATION_CONDITIONS = DEBUG;
				SWIFT_OPTIMIZATION_LEVEL = "-Onone";
			};
			name = Debug;
		};
		5D79A50928F6FDC8003EB4B0 /* Release */ = {
			isa = XCBuildConfiguration;
			buildSettings = {
				ALWAYS_SEARCH_USER_PATHS = NO;
				CLANG_ANALYZER_NONNULL = YES;
				CLANG_ANALYZER_NUMBER_OBJECT_CONVERSION = YES_AGGRESSIVE;
				CLANG_CXX_LANGUAGE_STANDARD = "gnu++20";
				CLANG_ENABLE_MODULES = YES;
				CLANG_ENABLE_OBJC_ARC = YES;
				CLANG_ENABLE_OBJC_WEAK = YES;
				CLANG_WARN_BLOCK_CAPTURE_AUTORELEASING = YES;
				CLANG_WARN_BOOL_CONVERSION = YES;
				CLANG_WARN_COMMA = YES;
				CLANG_WARN_CONSTANT_CONVERSION = YES;
				CLANG_WARN_DEPRECATED_OBJC_IMPLEMENTATIONS = YES;
				CLANG_WARN_DIRECT_OBJC_ISA_USAGE = YES_ERROR;
				CLANG_WARN_DOCUMENTATION_COMMENTS = YES;
				CLANG_WARN_EMPTY_BODY = YES;
				CLANG_WARN_ENUM_CONVERSION = YES;
				CLANG_WARN_INFINITE_RECURSION = YES;
				CLANG_WARN_INT_CONVERSION = YES;
				CLANG_WARN_NON_LITERAL_NULL_CONVERSION = YES;
				CLANG_WARN_OBJC_IMPLICIT_RETAIN_SELF = YES;
				CLANG_WARN_OBJC_LITERAL_CONVERSION = YES;
				CLANG_WARN_OBJC_ROOT_CLASS = YES_ERROR;
				CLANG_WARN_QUOTED_INCLUDE_IN_FRAMEWORK_HEADER = YES;
				CLANG_WARN_RANGE_LOOP_ANALYSIS = YES;
				CLANG_WARN_STRICT_PROTOTYPES = YES;
				CLANG_WARN_SUSPICIOUS_MOVE = YES;
				CLANG_WARN_UNGUARDED_AVAILABILITY = YES_AGGRESSIVE;
				CLANG_WARN_UNREACHABLE_CODE = YES;
				CLANG_WARN__DUPLICATE_METHOD_MATCH = YES;
				COPY_PHASE_STRIP = NO;
				DEBUG_INFORMATION_FORMAT = "dwarf-with-dsym";
				ENABLE_NS_ASSERTIONS = NO;
				ENABLE_STRICT_OBJC_MSGSEND = YES;
				GCC_C_LANGUAGE_STANDARD = gnu11;
				GCC_NO_COMMON_BLOCKS = YES;
				GCC_WARN_64_TO_32_BIT_CONVERSION = YES;
				GCC_WARN_ABOUT_RETURN_TYPE = YES_ERROR;
				GCC_WARN_UNDECLARED_SELECTOR = YES;
				GCC_WARN_UNINITIALIZED_AUTOS = YES_AGGRESSIVE;
				GCC_WARN_UNUSED_FUNCTION = YES;
				GCC_WARN_UNUSED_VARIABLE = YES;
				MTL_ENABLE_DEBUG_INFO = NO;
				MTL_FAST_MATH = YES;
				SWIFT_COMPILATION_MODE = wholemodule;
				SWIFT_OPTIMIZATION_LEVEL = "-O";
			};
			name = Release;
		};
		5D79A50B28F6FDC8003EB4B0 /* Debug */ = {
			isa = XCBuildConfiguration;
			buildSettings = {
				ASSETCATALOG_COMPILER_APPICON_NAME = AppIcon;
				ASSETCATALOG_COMPILER_GLOBAL_ACCENT_COLOR_NAME = AccentColor;
				CODE_SIGN_ENTITLEMENTS = ApplePokedex704841/ApplePokedex704841.entitlements;
				CODE_SIGN_STYLE = Automatic;
				CURRENT_PROJECT_VERSION = 1;
				DEVELOPMENT_ASSET_PATHS = "\"ApplePokedex704841/Preview Content\"";
				DEVELOPMENT_TEAM = KQM7HRT23X;
				ENABLE_HARDENED_RUNTIME = YES;
				ENABLE_PREVIEWS = YES;
				GENERATE_INFOPLIST_FILE = YES;
				INFOPLIST_FILE = ApplePokedex704841/Info.plist;
				INFOPLIST_KEY_CFBundleDisplayName = "Pokedex 704841";
				INFOPLIST_KEY_LSApplicationCategoryType = "public.app-category.reference";
				"INFOPLIST_KEY_UIApplicationSceneManifest_Generation[sdk=iphoneos*]" = YES;
				"INFOPLIST_KEY_UIApplicationSceneManifest_Generation[sdk=iphonesimulator*]" = YES;
				"INFOPLIST_KEY_UIApplicationSupportsIndirectInputEvents[sdk=iphoneos*]" = YES;
				"INFOPLIST_KEY_UIApplicationSupportsIndirectInputEvents[sdk=iphonesimulator*]" = YES;
				"INFOPLIST_KEY_UILaunchScreen_Generation[sdk=iphoneos*]" = YES;
				"INFOPLIST_KEY_UILaunchScreen_Generation[sdk=iphonesimulator*]" = YES;
				INFOPLIST_KEY_UILaunchStoryboardName = LaunchScreen.storyboard;
				"INFOPLIST_KEY_UIStatusBarStyle[sdk=iphoneos*]" = UIStatusBarStyleDefault;
				"INFOPLIST_KEY_UIStatusBarStyle[sdk=iphonesimulator*]" = UIStatusBarStyleDefault;
				INFOPLIST_KEY_UISupportedInterfaceOrientations = UIInterfaceOrientationPortrait;
				INFOPLIST_KEY_UISupportedInterfaceOrientations_iPad = "UIInterfaceOrientationLandscapeLeft UIInterfaceOrientationLandscapeRight UIInterfaceOrientationPortrait UIInterfaceOrientationPortraitUpsideDown";
				IPHONEOS_DEPLOYMENT_TARGET = 15.0;
				LD_RUNPATH_SEARCH_PATHS = "@executable_path/Frameworks";
				"LD_RUNPATH_SEARCH_PATHS[sdk=macosx*]" = "@executable_path/../Frameworks";
				MACOSX_DEPLOYMENT_TARGET = 12.0;
				MARKETING_VERSION = 1.0;
				PRODUCT_BUNDLE_IDENTIFIER = nl.vanwijngaarden.koen.ApplePokedex;
				PRODUCT_NAME = "$(TARGET_NAME)";
				SDKROOT = auto;
				SUPPORTED_PLATFORMS = "iphoneos iphonesimulator";
				SUPPORTS_MACCATALYST = NO;
				SUPPORTS_MAC_DESIGNED_FOR_IPHONE_IPAD = YES;
				SWIFT_EMIT_LOC_STRINGS = YES;
				SWIFT_VERSION = 5.0;
				TARGETED_DEVICE_FAMILY = "1,2";
			};
			name = Debug;
		};
		5D79A50C28F6FDC8003EB4B0 /* Release */ = {
			isa = XCBuildConfiguration;
			buildSettings = {
				ASSETCATALOG_COMPILER_APPICON_NAME = AppIcon;
				ASSETCATALOG_COMPILER_GLOBAL_ACCENT_COLOR_NAME = AccentColor;
				CODE_SIGN_ENTITLEMENTS = ApplePokedex704841/ApplePokedex704841.entitlements;
				CODE_SIGN_STYLE = Automatic;
				CURRENT_PROJECT_VERSION = 1;
				DEVELOPMENT_ASSET_PATHS = "\"ApplePokedex704841/Preview Content\"";
				DEVELOPMENT_TEAM = KQM7HRT23X;
				ENABLE_HARDENED_RUNTIME = YES;
				ENABLE_PREVIEWS = YES;
				GENERATE_INFOPLIST_FILE = YES;
				INFOPLIST_FILE = ApplePokedex704841/Info.plist;
				INFOPLIST_KEY_CFBundleDisplayName = "Pokedex 704841";
				INFOPLIST_KEY_LSApplicationCategoryType = "public.app-category.reference";
				"INFOPLIST_KEY_UIApplicationSceneManifest_Generation[sdk=iphoneos*]" = YES;
				"INFOPLIST_KEY_UIApplicationSceneManifest_Generation[sdk=iphonesimulator*]" = YES;
				"INFOPLIST_KEY_UIApplicationSupportsIndirectInputEvents[sdk=iphoneos*]" = YES;
				"INFOPLIST_KEY_UIApplicationSupportsIndirectInputEvents[sdk=iphonesimulator*]" = YES;
				"INFOPLIST_KEY_UILaunchScreen_Generation[sdk=iphoneos*]" = YES;
				"INFOPLIST_KEY_UILaunchScreen_Generation[sdk=iphonesimulator*]" = YES;
				INFOPLIST_KEY_UILaunchStoryboardName = LaunchScreen.storyboard;
				"INFOPLIST_KEY_UIStatusBarStyle[sdk=iphoneos*]" = UIStatusBarStyleDefault;
				"INFOPLIST_KEY_UIStatusBarStyle[sdk=iphonesimulator*]" = UIStatusBarStyleDefault;
				INFOPLIST_KEY_UISupportedInterfaceOrientations = UIInterfaceOrientationPortrait;
				INFOPLIST_KEY_UISupportedInterfaceOrientations_iPad = "UIInterfaceOrientationLandscapeLeft UIInterfaceOrientationLandscapeRight UIInterfaceOrientationPortrait UIInterfaceOrientationPortraitUpsideDown";
				IPHONEOS_DEPLOYMENT_TARGET = 15.0;
				LD_RUNPATH_SEARCH_PATHS = "@executable_path/Frameworks";
				"LD_RUNPATH_SEARCH_PATHS[sdk=macosx*]" = "@executable_path/../Frameworks";
				MACOSX_DEPLOYMENT_TARGET = 12.0;
				MARKETING_VERSION = 1.0;
				PRODUCT_BUNDLE_IDENTIFIER = nl.vanwijngaarden.koen.ApplePokedex;
				PRODUCT_NAME = "$(TARGET_NAME)";
				SDKROOT = auto;
				SUPPORTED_PLATFORMS = "iphoneos iphonesimulator";
				SUPPORTS_MACCATALYST = NO;
				SUPPORTS_MAC_DESIGNED_FOR_IPHONE_IPAD = YES;
				SWIFT_EMIT_LOC_STRINGS = YES;
				SWIFT_VERSION = 5.0;
				TARGETED_DEVICE_FAMILY = "1,2";
			};
			name = Release;
		};
/* End XCBuildConfiguration section */

/* Begin XCConfigurationList section */
		5D79A4E028F6FDC7003EB4B0 /* Build configuration list for PBXProject "ApplePokedex704841" */ = {
			isa = XCConfigurationList;
			buildConfigurations = (
				5D79A50828F6FDC8003EB4B0 /* Debug */,
				5D79A50928F6FDC8003EB4B0 /* Release */,
			);
			defaultConfigurationIsVisible = 0;
			defaultConfigurationName = Release;
		};
		5D79A50A28F6FDC8003EB4B0 /* Build configuration list for PBXNativeTarget "ApplePokedex704841" */ = {
			isa = XCConfigurationList;
			buildConfigurations = (
				5D79A50B28F6FDC8003EB4B0 /* Debug */,
				5D79A50C28F6FDC8003EB4B0 /* Release */,
			);
			defaultConfigurationIsVisible = 0;
			defaultConfigurationName = Release;
		};
/* End XCConfigurationList section */

/* Begin XCRemoteSwiftPackageReference section */
		5D07F96629013B2900D8D813 /* XCRemoteSwiftPackageReference "swiftui-cached-async-image" */ = {
			isa = XCRemoteSwiftPackageReference;
			repositoryURL = "https://github.com/lorenzofiamingo/swiftui-cached-async-image";
			requirement = {
				kind = upToNextMajorVersion;
				minimumVersion = 2.0.0;
			};
		};
		5D4A3EAD28FED4EE00FEFFBB /* XCRemoteSwiftPackageReference "SwiftUI-Introspect" */ = {
			isa = XCRemoteSwiftPackageReference;
			repositoryURL = "https://github.com/siteline/SwiftUI-Introspect.git";
			requirement = {
				kind = upToNextMajorVersion;
				minimumVersion = 0.1.4;
			};
		};
/* End XCRemoteSwiftPackageReference section */

/* Begin XCSwiftPackageProductDependency section */
		5D07F96729013B2900D8D813 /* CachedAsyncImage */ = {
			isa = XCSwiftPackageProductDependency;
			package = 5D07F96629013B2900D8D813 /* XCRemoteSwiftPackageReference "swiftui-cached-async-image" */;
			productName = CachedAsyncImage;
		};
		5D4A3EAE28FED4EE00FEFFBB /* Introspect */ = {
			isa = XCSwiftPackageProductDependency;
			package = 5D4A3EAD28FED4EE00FEFFBB /* XCRemoteSwiftPackageReference "SwiftUI-Introspect" */;
			productName = Introspect;
		};
/* End XCSwiftPackageProductDependency section */
	};
	rootObject = 5D79A4DD28F6FDC7003EB4B0 /* Project object */;
}
